
Microsoft Visual Studio Solution File, Format Version 12.00
# Visual Studio Version 17
VisualStudioVersion = 17.6.33927.249
MinimumVisualStudioVersion = 10.0.40219.1
Project("{FAE04EC0-301F-11D3-BF4B-00C04F79EFBC}") = "ConnetToTheDataBase", "ConnetToTheDataBase\ConnetToTheDataBase.csproj", "{1AD68D5A-927F-400B-99DE-AB3FA861184F}"
EndProject
Global
	GlobalSection(SolutionConfigurationPlatforms) = preSolution
		Debug|Any CPU = Debug|Any CPU
		Release|Any CPU = Release|Any CPU
	EndGlobalSection
	GlobalSection(ProjectConfigurationPlatforms) = postSolution
		{1AD68D5A-927F-400B-99DE-AB3FA861184F}.Debug|Any CPU.ActiveCfg = Debug|Any CPU
		{1AD68D5A-927F-400B-99DE-AB3FA861184F}.Debug|Any CPU.Build.0 = Debug|Any CPU
		{1AD68D5A-927F-400B-99DE-AB3FA861184F}.Release|Any CPU.ActiveCfg = Release|Any CPU
		{1AD68D5A-927F-400B-99DE-AB3FA861184F}.Release|Any CPU.Build.0 = Release|Any CPU
	EndGlobalSection
	GlobalSection(SolutionProperties) = preSolution
		HideSolutionNode = FALSE
	EndGlobalSection
	GlobalSection(ExtensibilityGlobals) = postSolution
		SolutionGuid = {EAE742A8-B983-450B-B447-74E32B80EEFE}
	EndGlobalSection
EndGlobal
